{
  "version": 4,
  "terraform_version": "0.12.9",
  "serial": 16,
  "lineage": "3502f91b-adf2-5187-a9e9-06edcafd268a",
  "outputs": {},
  "resources": [
    {
      "mode": "managed",
      "type": "azurerm_network_interface",
      "name": "app-nic",
      "provider": "provider.azurerm",
      "instances": [
        {
          "schema_version": 0,
          "attributes": {
            "applied_dns_servers": [],
            "dns_servers": [],
            "enable_accelerated_networking": false,
            "enable_ip_forwarding": false,
            "id": "/subscriptions/45f723fe-be69-4d69-a224-bde469ad7f76/resourceGroups/appx-resourcegroup/providers/Microsoft.Network/networkInterfaces/appx-nic",
            "internal_dns_name_label": "",
            "internal_fqdn": "",
            "ip_configuration": [
              {
                "application_gateway_backend_address_pools_ids": [],
                "application_security_group_ids": [],
                "load_balancer_backend_address_pools_ids": [],
                "load_balancer_inbound_nat_rules_ids": [],
                "name": "appx-nic1",
                "primary": true,
                "private_ip_address": "",
                "private_ip_address_allocation": "dynamic",
                "private_ip_address_version": "IPv4",
                "public_ip_address_id": "",
                "subnet_id": "/subscriptions/45f723fe-be69-4d69-a224-bde469ad7f76/resourceGroups/appx-resourcegroup/providers/Microsoft.Network/virtualNetworks/appx-network/subnets/appx-internal"
              }
            ],
            "location": "eastus",
            "mac_address": "00-0D-3A-11-EA-F4",
            "name": "appx-nic",
            "network_security_group_id": "",
            "private_ip_address": "10.0.2.4",
            "private_ip_addresses": [
              "10.0.2.4"
            ],
            "resource_group_name": "appx-resourcegroup",
            "tags": {},
            "virtual_machine_id": "/subscriptions/45f723fe-be69-4d69-a224-bde469ad7f76/resourceGroups/appx-resourcegroup/providers/Microsoft.Compute/virtualMachines/appx-vm"
          },
          "private": "bnVsbA==",
          "depends_on": [
            "azurerm_resource_group.app-rg",
            "azurerm_subnet.internal"
          ]
        }
      ]
    },
    {
      "mode": "managed",
      "type": "azurerm_resource_group",
      "name": "app-rg",
      "provider": "provider.azurerm",
      "instances": [
        {
          "schema_version": 0,
          "attributes": {
            "id": "/subscriptions/45f723fe-be69-4d69-a224-bde469ad7f76/resourceGroups/appx-resourcegroup",
            "location": "eastus",
            "name": "appx-resourcegroup",
            "tags": {}
          },
          "private": "bnVsbA=="
        }
      ]
    },
    {
      "mode": "managed",
      "type": "azurerm_subnet",
      "name": "internal",
      "provider": "provider.azurerm",
      "instances": [
        {
          "schema_version": 0,
          "attributes": {
            "address_prefix": "10.0.2.0/24",
            "delegation": [],
            "id": "/subscriptions/45f723fe-be69-4d69-a224-bde469ad7f76/resourceGroups/appx-resourcegroup/providers/Microsoft.Network/virtualNetworks/appx-network/subnets/appx-internal",
            "ip_configurations": [
              "/subscriptions/45f723fe-be69-4d69-a224-bde469ad7f76/resourceGroups/appx-resourcegroup/providers/Microsoft.Network/networkInterfaces/appx-nic/ipConfigurations/appx-nic1"
            ],
            "name": "appx-internal",
            "network_security_group_id": "",
            "resource_group_name": "appx-resourcegroup",
            "route_table_id": "",
            "service_endpoints": [],
            "virtual_network_name": "appx-network"
          },
          "private": "bnVsbA==",
          "depends_on": [
            "azurerm_resource_group.app-rg",
            "azurerm_virtual_network.app-vnet"
          ]
        }
      ]
    },
    {
      "mode": "managed",
      "type": "azurerm_virtual_machine",
      "name": "main",
      "provider": "provider.azurerm",
      "instances": [
        {
          "schema_version": 0,
          "attributes": {
            "additional_capabilities": [],
            "availability_set_id": null,
            "boot_diagnostics": [],
            "delete_data_disks_on_termination": false,
            "delete_os_disk_on_termination": false,
            "id": "/subscriptions/45f723fe-be69-4d69-a224-bde469ad7f76/resourceGroups/appx-resourcegroup/providers/Microsoft.Compute/virtualMachines/appx-vm",
            "identity": [],
            "license_type": null,
            "location": "eastus",
            "name": "appx-vm",
            "network_interface_ids": [
              "/subscriptions/45f723fe-be69-4d69-a224-bde469ad7f76/resourceGroups/appx-resourcegroup/providers/Microsoft.Network/networkInterfaces/appx-nic"
            ],
            "os_profile": [
              {
                "admin_password": "",
                "admin_username": "testadmin",
                "computer_name": "hostname",
                "custom_data": ""
              }
            ],
            "os_profile_linux_config": [
              {
                "disable_password_authentication": false,
                "ssh_keys": []
              }
            ],
            "os_profile_secrets": [],
            "os_profile_windows_config": [],
            "plan": [],
            "primary_network_interface_id": null,
            "proximity_placement_group_id": null,
            "resource_group_name": "appx-resourcegroup",
            "storage_data_disk": [],
            "storage_image_reference": [
              {
                "id": "",
                "offer": "UbuntuServer",
                "publisher": "Canonical",
                "sku": "16.04-LTS",
                "version": "latest"
              }
            ],
            "storage_os_disk": [
              {
                "caching": "ReadWrite",
                "create_option": "FromImage",
                "disk_size_gb": 30,
                "image_uri": "",
                "managed_disk_id": "/subscriptions/45f723fe-be69-4d69-a224-bde469ad7f76/resourceGroups/appx-resourcegroup/providers/Microsoft.Compute/disks/myosdisk1",
                "managed_disk_type": "Standard_LRS",
                "name": "myosdisk1",
                "os_type": "Linux",
                "vhd_uri": "",
                "write_accelerator_enabled": false
              }
            ],
            "tags": {
              "environment": "staging"
            },
            "vm_size": "Standard_DS3_v2",
            "zones": []
          },
          "private": "bnVsbA==",
          "depends_on": [
            "azurerm_network_interface.app-nic",
            "azurerm_resource_group.app-rg"
          ]
        }
      ]
    },
    {
      "mode": "managed",
      "type": "azurerm_virtual_network",
      "name": "app-vnet",
      "provider": "provider.azurerm",
      "instances": [
        {
          "schema_version": 0,
          "attributes": {
            "address_space": [
              "10.0.0.0/16"
            ],
            "ddos_protection_plan": [],
            "dns_servers": [],
            "id": "/subscriptions/45f723fe-be69-4d69-a224-bde469ad7f76/resourceGroups/appx-resourcegroup/providers/Microsoft.Network/virtualNetworks/appx-network",
            "location": "eastus",
            "name": "appx-network",
            "resource_group_name": "appx-resourcegroup",
            "subnet": [
              {
                "address_prefix": "10.0.2.0/24",
                "id": "/subscriptions/45f723fe-be69-4d69-a224-bde469ad7f76/resourceGroups/appx-resourcegroup/providers/Microsoft.Network/virtualNetworks/appx-network/subnets/appx-internal",
                "name": "appx-internal",
                "security_group": ""
              }
            ],
            "tags": {}
          },
          "private": "bnVsbA==",
          "depends_on": [
            "azurerm_resource_group.app-rg"
          ]
        }
      ]
    }
  ]
}
